PODS:
  - Alamofire (4.9.1)
  - KeychainAccess (4.1.0)

DEPENDENCIES:
  - Alamofire
  - KeychainAccess

SPEC REPOS:
  trunk:
    - Alamofire
    - KeychainAccess

SPEC CHECKSUMS:
  Alamofire: 85e8a02c69d6020a0d734f6054870d7ecb75cf18
  KeychainAccess: 445e28864fe6d3458b41fa211bcdc39890e8bd5a

PODFILE CHECKSUM: f31f548ea6400c636c7baa7e6bcf05bf7ecaacce

COCOAPODS: 1.8.4
